// !$*UTF8*$!
{
	archiveVersion = 1;
	classes = {
	};
	objectVersion = 50;
	objects = {

/* Begin PBXBuildFile section */
		2DDF99D6234F3F70008570CA /* AppDelegate.swift in Sources */ = {isa = PBXBuildFile; fileRef = 2DDF99D5234F3F70008570CA /* AppDelegate.swift */; };
		2DDF99DB234F3F70008570CA /* Main.storyboard in Resources */ = {isa = PBXBuildFile; fileRef = 2DDF99D9234F3F70008570CA /* Main.storyboard */; };
		2DDF99DD234F3F72008570CA /* Assets.xcassets in Resources */ = {isa = PBXBuildFile; fileRef = 2DDF99DC234F3F72008570CA /* Assets.xcassets */; };
		2DDF99E0234F3F72008570CA /* LaunchScreen.storyboard in Resources */ = {isa = PBXBuildFile; fileRef = 2DDF99DE234F3F72008570CA /* LaunchScreen.storyboard */; };
		2DDF99E8234F4423008570CA /* ViewController.swift in Sources */ = {isa = PBXBuildFile; fileRef = 2DDF99E7234F4423008570CA /* ViewController.swift */; };
		E2A11332F4C1E1D928B2C471 /* libPods-Siri.a in Frameworks */ = {isa = PBXBuildFile; fileRef = 6582F0D3641CC20EB9AA3832 /* libPods-Siri.a */; };
/* End PBXBuildFile section */

/* Begin PBXFileReference section */
		2DDF99D2234F3F70008570CA /* Siri.app */ = {isa = PBXFileReference; explicitFileType = wrapper.application; includeInIndex = 0; path = Siri.app; sourceTree = BUILT_PRODUCTS_DIR; };
		2DDF99D5234F3F70008570CA /* AppDelegate.swift */ = {isa = PBXFileReference; lastKnownFileType = sourcecode.swift; path = AppDelegate.swift; sourceTree = "<group>"; };
		2DDF99DA234F3F70008570CA /* Base */ = {isa = PBXFileReference; lastKnownFileType = file.storyboard; name = Base; path = Base.lproj/Main.storyboard; sourceTree = "<group>"; };
		2DDF99DC234F3F72008570CA /* Assets.xcassets */ = {isa = PBXFileReference; lastKnownFileType = folder.assetcatalog; path = Assets.xcassets; sourceTree = "<group>"; };
		2DDF99DF234F3F72008570CA /* Base */ = {isa = PBXFileReference; lastKnownFileType = file.storyboard; name = Base; path = Base.lproj/LaunchScreen.storyboard; sourceTree = "<group>"; };
		2DDF99E1234F3F72008570CA /* Info.plist */ = {isa = PBXFileReference; lastKnownFileType = text.plist.xml; path = Info.plist; sourceTree = "<group>"; };
		2DDF99E7234F4423008570CA /* ViewController.swift */ = {isa = PBXFileReference; fileEncoding = 4; lastKnownFileType = sourcecode.swift; path = ViewController.swift; sourceTree = "<group>"; };
		4AAABE48659436BFE8B8E9ED /* Pods-Siri.release.xcconfig */ = {isa = PBXFileReference; includeInIndex = 1; lastKnownFileType = text.xcconfig; name = "Pods-Siri.release.xcconfig"; path = "Target Support Files/Pods-Siri/Pods-Siri.release.xcconfig"; sourceTree = "<group>"; };
		6582F0D3641CC20EB9AA3832 /* libPods-Siri.a */ = {isa = PBXFileReference; explicitFileType = archive.ar; includeInIndex = 0; path = "libPods-Siri.a"; sourceTree = BUILT_PRODUCTS_DIR; };
		B76A80991D958EBE0B366CBC /* Pods-Siri.debug.xcconfig */ = {isa = PBXFileReference; includeInIndex = 1; lastKnownFileType = text.xcconfig; name = "Pods-Siri.debug.xcconfig"; path = "Target Support Files/Pods-Siri/Pods-Siri.debug.xcconfig"; sourceTree = "<group>"; };
/* End PBXFileReference section */

/* Begin PBXFrameworksBuildPhase section */
		2DDF99CF234F3F70008570CA /* Frameworks */ = {
			isa = PBXFrameworksBuildPhase;
			buildActionMask = 2147483647;
			files = (
				E2A11332F4C1E1D928B2C471 /* libPods-Siri.a in Frameworks */,
			);
			runOnlyForDeploymentPostprocessing = 0;
		};
/* End PBXFrameworksBuildPhase section */

/* Begin PBXGroup section */
		196EF2FAEA0B3C36A4063E44 /* Pods */ = {
			isa = PBXGroup;
			children = (
				B76A80991D958EBE0B366CBC /* Pods-Siri.debug.xcconfig */,
				4AAABE48659436BFE8B8E9ED /* Pods-Siri.release.xcconfig */,
			);
			path = Pods;
			sourceTree = "<group>";
		};
		2DDF99C9234F3F70008570CA = {
			isa = PBXGroup;
			children = (
				2DDF99D4234F3F70008570CA /* Siri */,
				2DDF99D3234F3F70008570CA /* Products */,
				196EF2FAEA0B3C36A4063E44 /* Pods */,
				C9C8484B1F895A77B47CC0B6 /* Frameworks */,
			);
			sourceTree = "<group>";
		};
		2DDF99D3234F3F70008570CA /* Products */ = {
			isa = PBXGroup;
			children = (
				2DDF99D2234F3F70008570CA /* Siri.app */,
			);
			name = Products;
			sourceTree = "<group>";
		};
		2DDF99D4234F3F70008570CA /* Siri */ = {
			isa = PBXGroup;
			children = (
				2DDF99D5234F3F70008570CA /* AppDelegate.swift */,
				2DDF99D9234F3F70008570CA /* Main.storyboard */,
				2DDF99DC234F3F72008570CA /* Assets.xcassets */,
				2DDF99DE234F3F72008570CA /* LaunchScreen.storyboard */,
				2DDF99E7234F4423008570CA /* ViewController.swift */,
				2DDF99E1234F3F72008570CA /* Info.plist */,
			);
			path = Siri;
			sourceTree = "<group>";
		};
		C9C8484B1F895A77B47CC0B6 /* Frameworks */ = {
			isa = PBXGroup;
			children = (
				6582F0D3641CC20EB9AA3832 /* libPods-Siri.a */,
			);
			name = Frameworks;
			sourceTree = "<group>";
		};
/* End PBXGroup section */

/* Begin PBXNativeTarget section */
		2DDF99D1234F3F70008570CA /* Siri */ = {
			isa = PBXNativeTarget;
			buildConfigurationList = 2DDF99E4234F3F72008570CA /* Build configuration list for PBXNativeTarget "Siri" */;
			buildPhases = (
				9FE016789077B6A11EB2BE68 /* [CP] Check Pods Manifest.lock */,
				2DDF99CE234F3F70008570CA /* Sources */,
				2DDF99CF234F3F70008570CA /* Frameworks */,
				2DDF99D0234F3F70008570CA /* Resources */,
			);
			buildRules = (
			);
			dependencies = (
			);
			name = Siri;
			productName = Siri;
			productReference = 2DDF99D2234F3F70008570CA /* Siri.app */;
			productType = "com.apple.product-type.application";
		};
/* End PBXNativeTarget section */

/* Begin PBXProject section */
		2DDF99CA234F3F70008570CA /* Project object */ = {
			isa = PBXProject;
			attributes = {
				LastSwiftUpdateCheck = 1020;
				LastUpgradeCheck = 1020;
				ORGANIZATIONNAME = "Anna Kulaieva";
				TargetAttributes = {
					2DDF99D1234F3F70008570CA = {
						CreatedOnToolsVersion = 10.2.1;
					};
				};
			};
			buildConfigurationList = 2DDF99CD234F3F70008570CA /* Build configuration list for PBXProject "Siri" */;
			compatibilityVersion = "Xcode 9.3";
			developmentRegion = en;
			hasScannedForEncodings = 0;
			knownRegions = (
				en,
				Base,
			);
			mainGroup = 2DDF99C9234F3F70008570CA;
			productRefGroup = 2DDF99D3234F3F70008570CA /* Products */;
			projectDirPath = "";
			projectRoot = "";
			targets = (
				2DDF99D1234F3F70008570CA /* Siri */,
			);
		};
/* End PBXProject section */

/* Begin PBXResourcesBuildPhase section */
		2DDF99D0234F3F70008570CA /* Resources */ = {
			isa = PBXResourcesBuildPhase;
			buildActionMask = 2147483647;
			files = (
				2DDF99E0234F3F72008570CA /* LaunchScreen.storyboard in Resources */,
				2DDF99DD234F3F72008570CA /* Assets.xcassets in Resources */,
				2DDF99DB234F3F70008570CA /* Main.storyboard in Resources */,
			);
			runOnlyForDeploymentPostprocessing = 0;
		};
/* End PBXResourcesBuildPhase section */

/* Begin PBXShellScriptBuildPhase section */
		9FE016789077B6A11EB2BE68 /* [CP] Check Pods Manifest.lock */ = {
			isa = PBXShellScriptBuildPhase;
			buildActionMask = 2147483647;
			files = (
			);
			inputFileListPaths = (
			);
			inputPaths = (
				"${PODS_PODFILE_DIR_PATH}/Podfile.lock",
				"${PODS_ROOT}/Manifest.lock",
			);
			name = "[CP] Check Pods Manifest.lock";
			outputFileListPaths = (
			);
			outputPaths = (
				"$(DERIVED_FILE_DIR)/Pods-Siri-checkManifestLockResult.txt",
			);
			runOnlyForDeploymentPostprocessing = 0;
			shellPath = /bin/sh;
			shellScript = "diff \"${PODS_PODFILE_DIR_PATH}/Podfile.lock\" \"${PODS_ROOT}/Manifest.lock\" > /dev/null\nif [ $? != 0 ] ; then\n    # print error to STDERR\n    echo \"error: The sandbox is not in sync with the Podfile.lock. Run 'pod install' or update your CocoaPods installation.\" >&2\n    exit 1\nfi\n# This output is used by Xcode 'outputs' to avoid re-running this script phase.\necho \"SUCCESS\" > \"${SCRIPT_OUTPUT_FILE_0}\"\n";
			showEnvVarsInLog = 0;
		};
/* End PBXShellScriptBuildPhase section */

/* Begin PBXSourcesBuildPhase section */
		2DDF99CE234F3F70008570CA /* Sources */ = {
			isa = PBXSourcesBuildPhase;
			buildActionMask = 2147483647;
			files = (
				2DDF99E8234F4423008570CA /* ViewController.swift in Sources */,
				2DDF99D6234F3F70008570CA /* AppDelegate.swift in Sources */,
			);
			runOnlyForDeploymentPostprocessing = 0;
		};
/* End PBXSourcesBuildPhase section */

/* Begin PBXVariantGroup section */
		2DDF99D9234F3F70008570CA /* Main.storyboard */ = {
			isa = PBXVariantGroup;
			children = (
				2DDF99DA234F3F70008570CA /* Base */,
			);
			name = Main.storyboard;
			sourceTree = "<group>";
		};
		2DDF99DE234F3F72008570CA /* LaunchScreen.storyboard */ = {
			isa = PBXVariantGroup;
			children = (
				2DDF99DF234F3F72008570CA /* Base */,
			);
			name = LaunchScreen.storyboard;
			sourceTree = "<group>";
		};
/* End PBXVariantGroup section */

/* Begin XCBuildConfiguration section */
		2DDF99E2234F3F72008570CA /* Debug */ = {
			isa = XCBuildConfiguration;
			buildSettings = {
				ALWAYS_SEARCH_USER_PATHS = NO;
				CLANG_ANALYZER_NONNULL = YES;
				CLANG_ANALYZER_NUMBER_OBJECT_CONVERSION = YES_AGGRESSIVE;
				CLANG_CXX_LANGUAGE_STANDARD = "gnu++14";
				CLANG_CXX_LIBRARY = "libc++";
				CLANG_ENABLE_MODULES = YES;
				CLANG_ENABLE_OBJC_ARC = YES;
				CLANG_ENABLE_OBJC_WEAK = YES;
				CLANG_WARN_BLOCK_CAPTURE_AUTORELEASING = YES;
				CLANG_WARN_BOOL_CONVERSION = YES;
				CLANG_WARN_COMMA = YES;
				CLANG_WARN_CONSTANT_CONVERSION = YES;
				CLANG_WARN_DEPRECATED_OBJC_IMPLEMENTATIONS = YES;
				CLANG_WARN_DIRECT_OBJC_ISA_USAGE = YES_ERROR;
				CLANG_WARN_DOCUMENTATION_COMMENTS = YES;
				CLANG_WARN_EMPTY_BODY = YES;
				CLANG_WARN_ENUM_CONVERSION = YES;
				CLANG_WARN_INFINITE_RECURSION = YES;
				CLANG_WARN_INT_CONVERSION = YES;
				CLANG_WARN_NON_LITERAL_NULL_CONVERSION = YES;
				CLANG_WARN_OBJC_IMPLICIT_RETAIN_SELF = YES;
				CLANG_WARN_OBJC_LITERAL_CONVERSION = YES;
				CLANG_WARN_OBJC_ROOT_CLASS = YES_ERROR;
				CLANG_WARN_RANGE_LOOP_ANALYSIS = YES;
				CLANG_WARN_STRICT_PROTOTYPES = YES;
				CLANG_WARN_SUSPICIOUS_MOVE = YES;
				CLANG_WARN_UNGUARDED_AVAILABILITY = YES_AGGRESSIVE;
				CLANG_WARN_UNREACHABLE_CODE = YES;
				CLANG_WARN__DUPLICATE_METHOD_MATCH = YES;
				CODE_SIGN_IDENTITY = "iPhone Developer";
				COPY_PHASE_STRIP = NO;
				DEBUG_INFORMATION_FORMAT = dwarf;
				ENABLE_STRICT_OBJC_MSGSEND = YES;
				ENABLE_TESTABILITY = YES;
				GCC_C_LANGUAGE_STANDARD = gnu11;
				GCC_DYNAMIC_NO_PIC = NO;
				GCC_NO_COMMON_BLOCKS = YES;
				GCC_OPTIMIZATION_LEVEL = 0;
				GCC_PREPROCESSOR_DEFINITIONS = (
					"DEBUG=1",
					"$(inherited)",
				);
				GCC_WARN_64_TO_32_BIT_CONVERSION = YES;
				GCC_WARN_ABOUT_RETURN_TYPE = YES_ERROR;
				GCC_WARN_UNDECLARED_SELECTOR = YES;
				GCC_WARN_UNINITIALIZED_AUTOS = YES_AGGRESSIVE;
				GCC_WARN_UNUSED_FUNCTION = YES;
				GCC_WARN_UNUSED_VARIABLE = YES;
				IPHONEOS_DEPLOYMENT_TARGET = 12.2;
				MTL_ENABLE_DEBUG_INFO = INCLUDE_SOURCE;
				MTL_FAST_MATH = YES;
				ONLY_ACTIVE_ARCH = YES;
				SDKROOT = iphoneos;
				SWIFT_ACTIVE_COMPILATION_CONDITIONS = DEBUG;
				SWIFT_OPTIMIZATION_LEVEL = "-Onone";
			};
			name = Debug;
		};
		2DDF99E3234F3F72008570CA /* Release */ = {
			isa = XCBuildConfiguration;
			buildSettings = {
				ALWAYS_SEARCH_USER_PATHS = NO;
				CLANG_ANALYZER_NONNULL = YES;
				CLANG_ANALYZER_NUMBER_OBJECT_CONVERSION = YES_AGGRESSIVE;
				CLANG_CXX_LANGUAGE_STANDARD = "gnu++14";
				CLANG_CXX_LIBRARY = "libc++";
				CLANG_ENABLE_MODULES = YES;
				CLANG_ENABLE_OBJC_ARC = YES;
				CLANG_ENABLE_OBJC_WEAK = YES;
				CLANG_WARN_BLOCK_CAPTURE_AUTORELEASING = YES;
				CLANG_WARN_BOOL_CONVERSION = YES;
				CLANG_WARN_COMMA = YES;
				CLANG_WARN_CONSTANT_CONVERSION = YES;
				CLANG_WARN_DEPRECATED_OBJC_IMPLEMENTATIONS = YES;
				CLANG_WARN_DIRECT_OBJC_ISA_USAGE = YES_ERROR;
				CLANG_WARN_DOCUMENTATION_COMMENTS = YES;
				CLANG_WARN_EMPTY_BODY = YES;
				CLANG_WARN_ENUM_CONVERSION = YES;
				CLANG_WARN_INFINITE_RECURSION = YES;
				CLANG_WARN_INT_CONVERSION = YES;
				CLANG_WARN_NON_LITERAL_NULL_CONVERSION = YES;
				CLANG_WARN_OBJC_IMPLICIT_RETAIN_SELF = YES;
				CLANG_WARN_OBJC_LITERAL_CONVERSION = YES;
				CLANG_WARN_OBJC_ROOT_CLASS = YES_ERROR;
				CLANG_WARN_RANGE_LOOP_ANALYSIS = YES;
				CLANG_WARN_STRICT_PROTOTYPES = YES;
				CLANG_WARN_SUSPICIOUS_MOVE = YES;
				CLANG_WARN_UNGUARDED_AVAILABILITY = YES_AGGRESSIVE;
				CLANG_WARN_UNREACHABLE_CODE = YES;
				CLANG_WARN__DUPLICATE_METHOD_MATCH = YES;
				CODE_SIGN_IDENTITY = "iPhone Developer";
				COPY_PHASE_STRIP = NO;
				DEBUG_INFORMATION_FORMAT = "dwarf-with-dsym";
				ENABLE_NS_ASSERTIONS = NO;
				ENABLE_STRICT_OBJC_MSGSEND = YES;
				GCC_C_LANGUAGE_STANDARD = gnu11;
				GCC_NO_COMMON_BLOCKS = YES;
				GCC_WARN_64_TO_32_BIT_CONVERSION = YES;
				GCC_WARN_ABOUT_RETURN_TYPE = YES_ERROR;
				GCC_WARN_UNDECLARED_SELECTOR = YES;
				GCC_WARN_UNINITIALIZED_AUTOS = YES_AGGRESSIVE;
				GCC_WARN_UNUSED_FUNCTION = YES;
				GCC_WARN_UNUSED_VARIABLE = YES;
				IPHONEOS_DEPLOYMENT_TARGET = 12.2;
				MTL_ENABLE_DEBUG_INFO = NO;
				MTL_FAST_MATH = YES;
				SDKROOT = iphoneos;
				SWIFT_COMPILATION_MODE = wholemodule;
				SWIFT_OPTIMIZATION_LEVEL = "-O";
				VALIDATE_PRODUCT = YES;
			};
			name = Release;
		};
		2DDF99E5234F3F72008570CA /* Debug */ = {
			isa = XCBuildConfiguration;
			baseConfigurationReference = B76A80991D958EBE0B366CBC /* Pods-Siri.debug.xcconfig */;
			buildSettings = {
				ASSETCATALOG_COMPILER_APPICON_NAME = AppIcon;
				CODE_SIGN_STYLE = Automatic;
				DEVELOPMENT_TEAM = 7RLP9KGATX;
				INFOPLIST_FILE = Siri/Info.plist;
				IPHONEOS_DEPLOYMENT_TARGET = 10.0;
				LD_RUNPATH_SEARCH_PATHS = (
					"$(inherited)",
					"@executable_path/Frameworks",
				);
				PRODUCT_BUNDLE_IDENTIFIER = com.akulaiev.Siri;
				PRODUCT_NAME = "$(TARGET_NAME)";
				SWIFT_VERSION = 5.0;
				TARGETED_DEVICE_FAMILY = "1,2";
			};
			name = Debug;
		};
		2DDF99E6234F3F72008570CA /* Release */ = {
			isa = XCBuildConfiguration;
			baseConfigurationReference = 4AAABE48659436BFE8B8E9ED /* Pods-Siri.release.xcconfig */;
			buildSettings = {
				ASSETCATALOG_COMPILER_APPICON_NAME = AppIcon;
				CODE_SIGN_STYLE = Automatic;
				DEVELOPMENT_TEAM = 7RLP9KGATX;
				INFOPLIST_FILE = Siri/Info.plist;
				IPHONEOS_DEPLOYMENT_TARGET = 10.0;
				LD_RUNPATH_SEARCH_PATHS = (
					"$(inherited)",
					"@executable_path/Frameworks",
				);
				PRODUCT_BUNDLE_IDENTIFIER = com.akulaiev.Siri;
				PRODUCT_NAME = "$(TARGET_NAME)";
				SWIFT_VERSION = 5.0;
				TARGETED_DEVICE_FAMILY = "1,2";
			};
			name = Release;
		};
/* End XCBuildConfiguration section */

/* Begin XCConfigurationList section */
		2DDF99CD234F3F70008570CA /* Build configuration list for PBXProject "Siri" */ = {
			isa = XCConfigurationList;
			buildConfigurations = (
				2DDF99E2234F3F72008570CA /* Debug */,
				2DDF99E3234F3F72008570CA /* Release */,
			);
			defaultConfigurationIsVisible = 0;
			defaultConfigurationName = Release;
		};
		2DDF99E4234F3F72008570CA /* Build configuration list for PBXNativeTarget "Siri" */ = {
			isa = XCConfigurationList;
			buildConfigurations = (
				2DDF99E5234F3F72008570CA /* Debug */,
				2DDF99E6234F3F72008570CA /* Release */,
			);
			defaultConfigurationIsVisible = 0;
			defaultConfigurationName = Release;
		};
/* End XCConfigurationList section */
	};
	rootObject = 2DDF99CA234F3F70008570CA /* Project object */;
}
