// !$*UTF8*$!
{
	archiveVersion = 1;
	classes = {
	};
	objectVersion = 50;
	objects = {

/* Begin PBXBuildFile section */
		34801CDD2351198E002FB275 /* AppDelegate.swift in Sources */ = {isa = PBXBuildFile; fileRef = 34801CDC2351198E002FB275 /* AppDelegate.swift */; };
		34801CDF2351198E002FB275 /* ViewController.swift in Sources */ = {isa = PBXBuildFile; fileRef = 34801CDE2351198E002FB275 /* ViewController.swift */; };
		34801CE22351198E002FB275 /* Main.storyboard in Resources */ = {isa = PBXBuildFile; fileRef = 34801CE02351198E002FB275 /* Main.storyboard */; };
		34801CE42351198E002FB275 /* Assets.xcassets in Resources */ = {isa = PBXBuildFile; fileRef = 34801CE32351198E002FB275 /* Assets.xcassets */; };
		34801CE72351198E002FB275 /* LaunchScreen.storyboard in Resources */ = {isa = PBXBuildFile; fileRef = 34801CE52351198E002FB275 /* LaunchScreen.storyboard */; };
		34801CEF235136C1002FB275 /* LocalAuthentication.framework in Frameworks */ = {isa = PBXBuildFile; fileRef = 34801CEE235136C1002FB275 /* LocalAuthentication.framework */; };
		34801CF123515C11002FB275 /* MyTableViewCell.swift in Sources */ = {isa = PBXBuildFile; fileRef = 34801CF023515C11002FB275 /* MyTableViewCell.swift */; };
		34801CF323515D17002FB275 /* ArticleTableViewController.swift in Sources */ = {isa = PBXBuildFile; fileRef = 34801CF223515D17002FB275 /* ArticleTableViewController.swift */; };
		B371A073B3AD39F617186F78 /* libPods-PersonnalDiary.a in Frameworks */ = {isa = PBXBuildFile; fileRef = 9413DC25E913BE1A44052B0D /* libPods-PersonnalDiary.a */; };
/* End PBXBuildFile section */

/* Begin PBXFileReference section */
		34801CD92351198E002FB275 /* PersonnalDiary.app */ = {isa = PBXFileReference; explicitFileType = wrapper.application; includeInIndex = 0; path = PersonnalDiary.app; sourceTree = BUILT_PRODUCTS_DIR; };
		34801CDC2351198E002FB275 /* AppDelegate.swift */ = {isa = PBXFileReference; lastKnownFileType = sourcecode.swift; path = AppDelegate.swift; sourceTree = "<group>"; };
		34801CDE2351198E002FB275 /* ViewController.swift */ = {isa = PBXFileReference; lastKnownFileType = sourcecode.swift; path = ViewController.swift; sourceTree = "<group>"; };
		34801CE12351198E002FB275 /* Base */ = {isa = PBXFileReference; lastKnownFileType = file.storyboard; name = Base; path = Base.lproj/Main.storyboard; sourceTree = "<group>"; };
		34801CE32351198E002FB275 /* Assets.xcassets */ = {isa = PBXFileReference; lastKnownFileType = folder.assetcatalog; path = Assets.xcassets; sourceTree = "<group>"; };
		34801CE62351198E002FB275 /* Base */ = {isa = PBXFileReference; lastKnownFileType = file.storyboard; name = Base; path = Base.lproj/LaunchScreen.storyboard; sourceTree = "<group>"; };
		34801CE82351198E002FB275 /* Info.plist */ = {isa = PBXFileReference; lastKnownFileType = text.plist.xml; path = Info.plist; sourceTree = "<group>"; };
		34801CEE235136C1002FB275 /* LocalAuthentication.framework */ = {isa = PBXFileReference; lastKnownFileType = wrapper.framework; name = LocalAuthentication.framework; path = System/Library/Frameworks/LocalAuthentication.framework; sourceTree = SDKROOT; };
		34801CF023515C11002FB275 /* MyTableViewCell.swift */ = {isa = PBXFileReference; lastKnownFileType = sourcecode.swift; path = MyTableViewCell.swift; sourceTree = "<group>"; };
		34801CF223515D17002FB275 /* ArticleTableViewController.swift */ = {isa = PBXFileReference; lastKnownFileType = sourcecode.swift; path = ArticleTableViewController.swift; sourceTree = "<group>"; };
		84CEC8380DFC16A40D0A5764 /* Pods-PersonnalDiary.debug.xcconfig */ = {isa = PBXFileReference; includeInIndex = 1; lastKnownFileType = text.xcconfig; name = "Pods-PersonnalDiary.debug.xcconfig"; path = "Target Support Files/Pods-PersonnalDiary/Pods-PersonnalDiary.debug.xcconfig"; sourceTree = "<group>"; };
		9413DC25E913BE1A44052B0D /* libPods-PersonnalDiary.a */ = {isa = PBXFileReference; explicitFileType = archive.ar; includeInIndex = 0; path = "libPods-PersonnalDiary.a"; sourceTree = BUILT_PRODUCTS_DIR; };
		F88530ACB3A318850E4701BD /* Pods-PersonnalDiary.release.xcconfig */ = {isa = PBXFileReference; includeInIndex = 1; lastKnownFileType = text.xcconfig; name = "Pods-PersonnalDiary.release.xcconfig"; path = "Target Support Files/Pods-PersonnalDiary/Pods-PersonnalDiary.release.xcconfig"; sourceTree = "<group>"; };
/* End PBXFileReference section */

/* Begin PBXFrameworksBuildPhase section */
		34801CD62351198E002FB275 /* Frameworks */ = {
			isa = PBXFrameworksBuildPhase;
			buildActionMask = 2147483647;
			files = (
				34801CEF235136C1002FB275 /* LocalAuthentication.framework in Frameworks */,
				B371A073B3AD39F617186F78 /* libPods-PersonnalDiary.a in Frameworks */,
			);
			runOnlyForDeploymentPostprocessing = 0;
		};
/* End PBXFrameworksBuildPhase section */

/* Begin PBXGroup section */
		2A1D6C500A1222FC5AB4E27F /* Pods */ = {
			isa = PBXGroup;
			children = (
				84CEC8380DFC16A40D0A5764 /* Pods-PersonnalDiary.debug.xcconfig */,
				F88530ACB3A318850E4701BD /* Pods-PersonnalDiary.release.xcconfig */,
			);
			path = Pods;
			sourceTree = "<group>";
		};
		34801CD02351198E002FB275 = {
			isa = PBXGroup;
			children = (
				34801CDB2351198E002FB275 /* PersonnalDiary */,
				34801CDA2351198E002FB275 /* Products */,
				2A1D6C500A1222FC5AB4E27F /* Pods */,
				35D1C33C2B7592DA651EC654 /* Frameworks */,
			);
			sourceTree = "<group>";
		};
		34801CDA2351198E002FB275 /* Products */ = {
			isa = PBXGroup;
			children = (
				34801CD92351198E002FB275 /* PersonnalDiary.app */,
			);
			name = Products;
			sourceTree = "<group>";
		};
		34801CDB2351198E002FB275 /* PersonnalDiary */ = {
			isa = PBXGroup;
			children = (
				34801CDC2351198E002FB275 /* AppDelegate.swift */,
				34801CDE2351198E002FB275 /* ViewController.swift */,
				34801CE02351198E002FB275 /* Main.storyboard */,
				34801CF223515D17002FB275 /* ArticleTableViewController.swift */,
				34801CF023515C11002FB275 /* MyTableViewCell.swift */,
				34801CE32351198E002FB275 /* Assets.xcassets */,
				34801CE52351198E002FB275 /* LaunchScreen.storyboard */,
				34801CE82351198E002FB275 /* Info.plist */,
			);
			path = PersonnalDiary;
			sourceTree = "<group>";
		};
		35D1C33C2B7592DA651EC654 /* Frameworks */ = {
			isa = PBXGroup;
			children = (
				34801CEE235136C1002FB275 /* LocalAuthentication.framework */,
				9413DC25E913BE1A44052B0D /* libPods-PersonnalDiary.a */,
			);
			name = Frameworks;
			sourceTree = "<group>";
		};
/* End PBXGroup section */

/* Begin PBXNativeTarget section */
		34801CD82351198E002FB275 /* PersonnalDiary */ = {
			isa = PBXNativeTarget;
			buildConfigurationList = 34801CEB2351198E002FB275 /* Build configuration list for PBXNativeTarget "PersonnalDiary" */;
			buildPhases = (
				E7B9AC079A9FB18F8DF2B65F /* [CP] Check Pods Manifest.lock */,
				34801CD52351198E002FB275 /* Sources */,
				34801CD62351198E002FB275 /* Frameworks */,
				34801CD72351198E002FB275 /* Resources */,
			);
			buildRules = (
			);
			dependencies = (
			);
			name = PersonnalDiary;
			productName = "Personnal Diary";
			productReference = 34801CD92351198E002FB275 /* PersonnalDiary.app */;
			productType = "com.apple.product-type.application";
		};
/* End PBXNativeTarget section */

/* Begin PBXProject section */
		34801CD12351198E002FB275 /* Project object */ = {
			isa = PBXProject;
			attributes = {
				LastSwiftUpdateCheck = 1020;
				LastUpgradeCheck = 1020;
				ORGANIZATIONNAME = "Anna Kulaieva";
				TargetAttributes = {
					34801CD82351198E002FB275 = {
						CreatedOnToolsVersion = 10.2.1;
					};
				};
			};
			buildConfigurationList = 34801CD42351198E002FB275 /* Build configuration list for PBXProject "PersonnalDiary" */;
			compatibilityVersion = "Xcode 9.3";
			developmentRegion = en;
			hasScannedForEncodings = 0;
			knownRegions = (
				en,
				Base,
			);
			mainGroup = 34801CD02351198E002FB275;
			productRefGroup = 34801CDA2351198E002FB275 /* Products */;
			projectDirPath = "";
			projectRoot = "";
			targets = (
				34801CD82351198E002FB275 /* PersonnalDiary */,
			);
		};
/* End PBXProject section */

/* Begin PBXResourcesBuildPhase section */
		34801CD72351198E002FB275 /* Resources */ = {
			isa = PBXResourcesBuildPhase;
			buildActionMask = 2147483647;
			files = (
				34801CE72351198E002FB275 /* LaunchScreen.storyboard in Resources */,
				34801CE42351198E002FB275 /* Assets.xcassets in Resources */,
				34801CE22351198E002FB275 /* Main.storyboard in Resources */,
			);
			runOnlyForDeploymentPostprocessing = 0;
		};
/* End PBXResourcesBuildPhase section */

/* Begin PBXShellScriptBuildPhase section */
		E7B9AC079A9FB18F8DF2B65F /* [CP] Check Pods Manifest.lock */ = {
			isa = PBXShellScriptBuildPhase;
			buildActionMask = 2147483647;
			files = (
			);
			inputFileListPaths = (
			);
			inputPaths = (
				"${PODS_PODFILE_DIR_PATH}/Podfile.lock",
				"${PODS_ROOT}/Manifest.lock",
			);
			name = "[CP] Check Pods Manifest.lock";
			outputFileListPaths = (
			);
			outputPaths = (
				"$(DERIVED_FILE_DIR)/Pods-PersonnalDiary-checkManifestLockResult.txt",
			);
			runOnlyForDeploymentPostprocessing = 0;
			shellPath = /bin/sh;
			shellScript = "diff \"${PODS_PODFILE_DIR_PATH}/Podfile.lock\" \"${PODS_ROOT}/Manifest.lock\" > /dev/null\nif [ $? != 0 ] ; then\n    # print error to STDERR\n    echo \"error: The sandbox is not in sync with the Podfile.lock. Run 'pod install' or update your CocoaPods installation.\" >&2\n    exit 1\nfi\n# This output is used by Xcode 'outputs' to avoid re-running this script phase.\necho \"SUCCESS\" > \"${SCRIPT_OUTPUT_FILE_0}\"\n";
			showEnvVarsInLog = 0;
		};
/* End PBXShellScriptBuildPhase section */

/* Begin PBXSourcesBuildPhase section */
		34801CD52351198E002FB275 /* Sources */ = {
			isa = PBXSourcesBuildPhase;
			buildActionMask = 2147483647;
			files = (
				34801CF323515D17002FB275 /* ArticleTableViewController.swift in Sources */,
				34801CDF2351198E002FB275 /* ViewController.swift in Sources */,
				34801CDD2351198E002FB275 /* AppDelegate.swift in Sources */,
				34801CF123515C11002FB275 /* MyTableViewCell.swift in Sources */,
			);
			runOnlyForDeploymentPostprocessing = 0;
		};
/* End PBXSourcesBuildPhase section */

/* Begin PBXVariantGroup section */
		34801CE02351198E002FB275 /* Main.storyboard */ = {
			isa = PBXVariantGroup;
			children = (
				34801CE12351198E002FB275 /* Base */,
			);
			name = Main.storyboard;
			sourceTree = "<group>";
		};
		34801CE52351198E002FB275 /* LaunchScreen.storyboard */ = {
			isa = PBXVariantGroup;
			children = (
				34801CE62351198E002FB275 /* Base */,
			);
			name = LaunchScreen.storyboard;
			sourceTree = "<group>";
		};
/* End PBXVariantGroup section */

/* Begin XCBuildConfiguration section */
		34801CE92351198E002FB275 /* Debug */ = {
			isa = XCBuildConfiguration;
			buildSettings = {
				ALWAYS_SEARCH_USER_PATHS = NO;
				CLANG_ANALYZER_NONNULL = YES;
				CLANG_ANALYZER_NUMBER_OBJECT_CONVERSION = YES_AGGRESSIVE;
				CLANG_CXX_LANGUAGE_STANDARD = "gnu++14";
				CLANG_CXX_LIBRARY = "libc++";
				CLANG_ENABLE_MODULES = YES;
				CLANG_ENABLE_OBJC_ARC = YES;
				CLANG_ENABLE_OBJC_WEAK = YES;
				CLANG_WARN_BLOCK_CAPTURE_AUTORELEASING = YES;
				CLANG_WARN_BOOL_CONVERSION = YES;
				CLANG_WARN_COMMA = YES;
				CLANG_WARN_CONSTANT_CONVERSION = YES;
				CLANG_WARN_DEPRECATED_OBJC_IMPLEMENTATIONS = YES;
				CLANG_WARN_DIRECT_OBJC_ISA_USAGE = YES_ERROR;
				CLANG_WARN_DOCUMENTATION_COMMENTS = YES;
				CLANG_WARN_EMPTY_BODY = YES;
				CLANG_WARN_ENUM_CONVERSION = YES;
				CLANG_WARN_INFINITE_RECURSION = YES;
				CLANG_WARN_INT_CONVERSION = YES;
				CLANG_WARN_NON_LITERAL_NULL_CONVERSION = YES;
				CLANG_WARN_OBJC_IMPLICIT_RETAIN_SELF = YES;
				CLANG_WARN_OBJC_LITERAL_CONVERSION = YES;
				CLANG_WARN_OBJC_ROOT_CLASS = YES_ERROR;
				CLANG_WARN_RANGE_LOOP_ANALYSIS = YES;
				CLANG_WARN_STRICT_PROTOTYPES = YES;
				CLANG_WARN_SUSPICIOUS_MOVE = YES;
				CLANG_WARN_UNGUARDED_AVAILABILITY = YES_AGGRESSIVE;
				CLANG_WARN_UNREACHABLE_CODE = YES;
				CLANG_WARN__DUPLICATE_METHOD_MATCH = YES;
				CODE_SIGN_IDENTITY = "iPhone Developer";
				COPY_PHASE_STRIP = NO;
				DEBUG_INFORMATION_FORMAT = dwarf;
				ENABLE_STRICT_OBJC_MSGSEND = YES;
				ENABLE_TESTABILITY = YES;
				GCC_C_LANGUAGE_STANDARD = gnu11;
				GCC_DYNAMIC_NO_PIC = NO;
				GCC_NO_COMMON_BLOCKS = YES;
				GCC_OPTIMIZATION_LEVEL = 0;
				GCC_PREPROCESSOR_DEFINITIONS = (
					"DEBUG=1",
					"$(inherited)",
				);
				GCC_WARN_64_TO_32_BIT_CONVERSION = YES;
				GCC_WARN_ABOUT_RETURN_TYPE = YES_ERROR;
				GCC_WARN_UNDECLARED_SELECTOR = YES;
				GCC_WARN_UNINITIALIZED_AUTOS = YES_AGGRESSIVE;
				GCC_WARN_UNUSED_FUNCTION = YES;
				GCC_WARN_UNUSED_VARIABLE = YES;
				IPHONEOS_DEPLOYMENT_TARGET = 12.2;
				MTL_ENABLE_DEBUG_INFO = INCLUDE_SOURCE;
				MTL_FAST_MATH = YES;
				ONLY_ACTIVE_ARCH = YES;
				SDKROOT = iphoneos;
				SWIFT_ACTIVE_COMPILATION_CONDITIONS = DEBUG;
				SWIFT_OPTIMIZATION_LEVEL = "-Onone";
			};
			name = Debug;
		};
		34801CEA2351198E002FB275 /* Release */ = {
			isa = XCBuildConfiguration;
			buildSettings = {
				ALWAYS_SEARCH_USER_PATHS = NO;
				CLANG_ANALYZER_NONNULL = YES;
				CLANG_ANALYZER_NUMBER_OBJECT_CONVERSION = YES_AGGRESSIVE;
				CLANG_CXX_LANGUAGE_STANDARD = "gnu++14";
				CLANG_CXX_LIBRARY = "libc++";
				CLANG_ENABLE_MODULES = YES;
				CLANG_ENABLE_OBJC_ARC = YES;
				CLANG_ENABLE_OBJC_WEAK = YES;
				CLANG_WARN_BLOCK_CAPTURE_AUTORELEASING = YES;
				CLANG_WARN_BOOL_CONVERSION = YES;
				CLANG_WARN_COMMA = YES;
				CLANG_WARN_CONSTANT_CONVERSION = YES;
				CLANG_WARN_DEPRECATED_OBJC_IMPLEMENTATIONS = YES;
				CLANG_WARN_DIRECT_OBJC_ISA_USAGE = YES_ERROR;
				CLANG_WARN_DOCUMENTATION_COMMENTS = YES;
				CLANG_WARN_EMPTY_BODY = YES;
				CLANG_WARN_ENUM_CONVERSION = YES;
				CLANG_WARN_INFINITE_RECURSION = YES;
				CLANG_WARN_INT_CONVERSION = YES;
				CLANG_WARN_NON_LITERAL_NULL_CONVERSION = YES;
				CLANG_WARN_OBJC_IMPLICIT_RETAIN_SELF = YES;
				CLANG_WARN_OBJC_LITERAL_CONVERSION = YES;
				CLANG_WARN_OBJC_ROOT_CLASS = YES_ERROR;
				CLANG_WARN_RANGE_LOOP_ANALYSIS = YES;
				CLANG_WARN_STRICT_PROTOTYPES = YES;
				CLANG_WARN_SUSPICIOUS_MOVE = YES;
				CLANG_WARN_UNGUARDED_AVAILABILITY = YES_AGGRESSIVE;
				CLANG_WARN_UNREACHABLE_CODE = YES;
				CLANG_WARN__DUPLICATE_METHOD_MATCH = YES;
				CODE_SIGN_IDENTITY = "iPhone Developer";
				COPY_PHASE_STRIP = NO;
				DEBUG_INFORMATION_FORMAT = "dwarf-with-dsym";
				ENABLE_NS_ASSERTIONS = NO;
				ENABLE_STRICT_OBJC_MSGSEND = YES;
				GCC_C_LANGUAGE_STANDARD = gnu11;
				GCC_NO_COMMON_BLOCKS = YES;
				GCC_WARN_64_TO_32_BIT_CONVERSION = YES;
				GCC_WARN_ABOUT_RETURN_TYPE = YES_ERROR;
				GCC_WARN_UNDECLARED_SELECTOR = YES;
				GCC_WARN_UNINITIALIZED_AUTOS = YES_AGGRESSIVE;
				GCC_WARN_UNUSED_FUNCTION = YES;
				GCC_WARN_UNUSED_VARIABLE = YES;
				IPHONEOS_DEPLOYMENT_TARGET = 12.2;
				MTL_ENABLE_DEBUG_INFO = NO;
				MTL_FAST_MATH = YES;
				SDKROOT = iphoneos;
				SWIFT_COMPILATION_MODE = wholemodule;
				SWIFT_OPTIMIZATION_LEVEL = "-O";
				VALIDATE_PRODUCT = YES;
			};
			name = Release;
		};
		34801CEC2351198E002FB275 /* Debug */ = {
			isa = XCBuildConfiguration;
			baseConfigurationReference = 84CEC8380DFC16A40D0A5764 /* Pods-PersonnalDiary.debug.xcconfig */;
			buildSettings = {
				ASSETCATALOG_COMPILER_APPICON_NAME = AppIcon;
				CODE_SIGN_STYLE = Automatic;
				INFOPLIST_FILE = "$(SRCROOT)/PersonnalDiary/Info.plist";
				LD_RUNPATH_SEARCH_PATHS = (
					"$(inherited)",
					"@executable_path/Frameworks",
				);
				PRODUCT_BUNDLE_IDENTIFIER = "com.unitfactory.Personnal-Diary";
				PRODUCT_NAME = "$(TARGET_NAME)";
				SWIFT_VERSION = 5.0;
				TARGETED_DEVICE_FAMILY = "1,2";
			};
			name = Debug;
		};
		34801CED2351198E002FB275 /* Release */ = {
			isa = XCBuildConfiguration;
			baseConfigurationReference = F88530ACB3A318850E4701BD /* Pods-PersonnalDiary.release.xcconfig */;
			buildSettings = {
				ASSETCATALOG_COMPILER_APPICON_NAME = AppIcon;
				CODE_SIGN_STYLE = Automatic;
				INFOPLIST_FILE = "$(SRCROOT)/PersonnalDiary/Info.plist";
				LD_RUNPATH_SEARCH_PATHS = (
					"$(inherited)",
					"@executable_path/Frameworks",
				);
				PRODUCT_BUNDLE_IDENTIFIER = "com.unitfactory.Personnal-Diary";
				PRODUCT_NAME = "$(TARGET_NAME)";
				SWIFT_VERSION = 5.0;
				TARGETED_DEVICE_FAMILY = "1,2";
			};
			name = Release;
		};
/* End XCBuildConfiguration section */

/* Begin XCConfigurationList section */
		34801CD42351198E002FB275 /* Build configuration list for PBXProject "PersonnalDiary" */ = {
			isa = XCConfigurationList;
			buildConfigurations = (
				34801CE92351198E002FB275 /* Debug */,
				34801CEA2351198E002FB275 /* Release */,
			);
			defaultConfigurationIsVisible = 0;
			defaultConfigurationName = Release;
		};
		34801CEB2351198E002FB275 /* Build configuration list for PBXNativeTarget "PersonnalDiary" */ = {
			isa = XCConfigurationList;
			buildConfigurations = (
				34801CEC2351198E002FB275 /* Debug */,
				34801CED2351198E002FB275 /* Release */,
			);
			defaultConfigurationIsVisible = 0;
			defaultConfigurationName = Release;
		};
/* End XCConfigurationList section */
	};
	rootObject = 34801CD12351198E002FB275 /* Project object */;
}
