// !$*UTF8*$!
{
	archiveVersion = 1;
	classes = {
	};
	objectVersion = 48;
	objects = {

/* Begin PBXBuildFile section */
		2D91578623468AB800E9900F /* AppDelegate.swift in Sources */ = {isa = PBXBuildFile; fileRef = 2D91578523468AB800E9900F /* AppDelegate.swift */; };
		2D91578823468AB800E9900F /* ViewController.swift in Sources */ = {isa = PBXBuildFile; fileRef = 2D91578723468AB800E9900F /* ViewController.swift */; };
		2D91578B23468AB800E9900F /* Main.storyboard in Resources */ = {isa = PBXBuildFile; fileRef = 2D91578923468AB800E9900F /* Main.storyboard */; };
		2D91578D23468AB800E9900F /* Assets.xcassets in Resources */ = {isa = PBXBuildFile; fileRef = 2D91578C23468AB800E9900F /* Assets.xcassets */; };
		2D91579023468AB800E9900F /* LaunchScreen.storyboard in Resources */ = {isa = PBXBuildFile; fileRef = 2D91578E23468AB800E9900F /* LaunchScreen.storyboard */; };
		34FFDD1E2346B54D0093CBA2 /* CustomCollectionViewCell.swift in Sources */ = {isa = PBXBuildFile; fileRef = 34FFDD1C2346B54D0093CBA2 /* CustomCollectionViewCell.swift */; };
		34FFDD1F2346B54D0093CBA2 /* CustomCollectionViewCell.xib in Resources */ = {isa = PBXBuildFile; fileRef = 34FFDD1D2346B54D0093CBA2 /* CustomCollectionViewCell.xib */; };
/* End PBXBuildFile section */

/* Begin PBXFileReference section */
		2D91578223468AB800E9900F /* APM.app */ = {isa = PBXFileReference; explicitFileType = wrapper.application; includeInIndex = 0; path = APM.app; sourceTree = BUILT_PRODUCTS_DIR; };
		2D91578523468AB800E9900F /* AppDelegate.swift */ = {isa = PBXFileReference; lastKnownFileType = sourcecode.swift; path = AppDelegate.swift; sourceTree = "<group>"; };
		2D91578723468AB800E9900F /* ViewController.swift */ = {isa = PBXFileReference; lastKnownFileType = sourcecode.swift; path = ViewController.swift; sourceTree = "<group>"; };
		2D91578A23468AB800E9900F /* Base */ = {isa = PBXFileReference; lastKnownFileType = file.storyboard; name = Base; path = Base.lproj/Main.storyboard; sourceTree = "<group>"; };
		2D91578C23468AB800E9900F /* Assets.xcassets */ = {isa = PBXFileReference; lastKnownFileType = folder.assetcatalog; path = Assets.xcassets; sourceTree = "<group>"; };
		2D91578F23468AB800E9900F /* Base */ = {isa = PBXFileReference; lastKnownFileType = file.storyboard; name = Base; path = Base.lproj/LaunchScreen.storyboard; sourceTree = "<group>"; };
		2D91579123468AB800E9900F /* Info.plist */ = {isa = PBXFileReference; lastKnownFileType = text.plist.xml; path = Info.plist; sourceTree = "<group>"; };
		34FFDD1C2346B54D0093CBA2 /* CustomCollectionViewCell.swift */ = {isa = PBXFileReference; lastKnownFileType = sourcecode.swift; path = CustomCollectionViewCell.swift; sourceTree = "<group>"; };
		34FFDD1D2346B54D0093CBA2 /* CustomCollectionViewCell.xib */ = {isa = PBXFileReference; lastKnownFileType = file.xib; path = CustomCollectionViewCell.xib; sourceTree = "<group>"; };
/* End PBXFileReference section */

/* Begin PBXFrameworksBuildPhase section */
		2D91577F23468AB800E9900F /* Frameworks */ = {
			isa = PBXFrameworksBuildPhase;
			buildActionMask = 2147483647;
			files = (
			);
			runOnlyForDeploymentPostprocessing = 0;
		};
/* End PBXFrameworksBuildPhase section */

/* Begin PBXGroup section */
		2D91577923468AB800E9900F = {
			isa = PBXGroup;
			children = (
				2D91578423468AB800E9900F /* APM */,
				2D91578323468AB800E9900F /* Products */,
			);
			sourceTree = "<group>";
		};
		2D91578323468AB800E9900F /* Products */ = {
			isa = PBXGroup;
			children = (
				2D91578223468AB800E9900F /* APM.app */,
			);
			name = Products;
			sourceTree = "<group>";
		};
		2D91578423468AB800E9900F /* APM */ = {
			isa = PBXGroup;
			children = (
				2D91578523468AB800E9900F /* AppDelegate.swift */,
				2D91578723468AB800E9900F /* ViewController.swift */,
				34FFDD1C2346B54D0093CBA2 /* CustomCollectionViewCell.swift */,
				34FFDD1D2346B54D0093CBA2 /* CustomCollectionViewCell.xib */,
				2D91578923468AB800E9900F /* Main.storyboard */,
				2D91578C23468AB800E9900F /* Assets.xcassets */,
				2D91578E23468AB800E9900F /* LaunchScreen.storyboard */,
				2D91579123468AB800E9900F /* Info.plist */,
			);
			path = APM;
			sourceTree = "<group>";
		};
/* End PBXGroup section */

/* Begin PBXNativeTarget section */
		2D91578123468AB800E9900F /* APM */ = {
			isa = PBXNativeTarget;
			buildConfigurationList = 2D91579423468AB800E9900F /* Build configuration list for PBXNativeTarget "APM" */;
			buildPhases = (
				2D91577E23468AB800E9900F /* Sources */,
				2D91577F23468AB800E9900F /* Frameworks */,
				2D91578023468AB800E9900F /* Resources */,
			);
			buildRules = (
			);
			dependencies = (
			);
			name = APM;
			productName = APM;
			productReference = 2D91578223468AB800E9900F /* APM.app */;
			productType = "com.apple.product-type.application";
		};
/* End PBXNativeTarget section */

/* Begin PBXProject section */
		2D91577A23468AB800E9900F /* Project object */ = {
			isa = PBXProject;
			attributes = {
				LastSwiftUpdateCheck = 0920;
				LastUpgradeCheck = 0920;
				ORGANIZATIONNAME = "Anna KULAIEVA";
				TargetAttributes = {
					2D91578123468AB800E9900F = {
						CreatedOnToolsVersion = 9.2;
						ProvisioningStyle = Automatic;
					};
				};
			};
			buildConfigurationList = 2D91577D23468AB800E9900F /* Build configuration list for PBXProject "APM" */;
			compatibilityVersion = "Xcode 8.0";
			developmentRegion = en;
			hasScannedForEncodings = 0;
			knownRegions = (
				en,
				Base,
			);
			mainGroup = 2D91577923468AB800E9900F;
			productRefGroup = 2D91578323468AB800E9900F /* Products */;
			projectDirPath = "";
			projectRoot = "";
			targets = (
				2D91578123468AB800E9900F /* APM */,
			);
		};
/* End PBXProject section */

/* Begin PBXResourcesBuildPhase section */
		2D91578023468AB800E9900F /* Resources */ = {
			isa = PBXResourcesBuildPhase;
			buildActionMask = 2147483647;
			files = (
				2D91579023468AB800E9900F /* LaunchScreen.storyboard in Resources */,
				2D91578D23468AB800E9900F /* Assets.xcassets in Resources */,
				2D91578B23468AB800E9900F /* Main.storyboard in Resources */,
				34FFDD1F2346B54D0093CBA2 /* CustomCollectionViewCell.xib in Resources */,
			);
			runOnlyForDeploymentPostprocessing = 0;
		};
/* End PBXResourcesBuildPhase section */

/* Begin PBXSourcesBuildPhase section */
		2D91577E23468AB800E9900F /* Sources */ = {
			isa = PBXSourcesBuildPhase;
			buildActionMask = 2147483647;
			files = (
				2D91578823468AB800E9900F /* ViewController.swift in Sources */,
				34FFDD1E2346B54D0093CBA2 /* CustomCollectionViewCell.swift in Sources */,
				2D91578623468AB800E9900F /* AppDelegate.swift in Sources */,
			);
			runOnlyForDeploymentPostprocessing = 0;
		};
/* End PBXSourcesBuildPhase section */

/* Begin PBXVariantGroup section */
		2D91578923468AB800E9900F /* Main.storyboard */ = {
			isa = PBXVariantGroup;
			children = (
				2D91578A23468AB800E9900F /* Base */,
			);
			name = Main.storyboard;
			sourceTree = "<group>";
		};
		2D91578E23468AB800E9900F /* LaunchScreen.storyboard */ = {
			isa = PBXVariantGroup;
			children = (
				2D91578F23468AB800E9900F /* Base */,
			);
			name = LaunchScreen.storyboard;
			sourceTree = "<group>";
		};
/* End PBXVariantGroup section */

/* Begin XCBuildConfiguration section */
		2D91579223468AB800E9900F /* Debug */ = {
			isa = XCBuildConfiguration;
			buildSettings = {
				ALWAYS_SEARCH_USER_PATHS = NO;
				CLANG_ANALYZER_NONNULL = YES;
				CLANG_ANALYZER_NUMBER_OBJECT_CONVERSION = YES_AGGRESSIVE;
				CLANG_CXX_LANGUAGE_STANDARD = "gnu++14";
				CLANG_CXX_LIBRARY = "libc++";
				CLANG_ENABLE_MODULES = YES;
				CLANG_ENABLE_OBJC_ARC = YES;
				CLANG_WARN_BLOCK_CAPTURE_AUTORELEASING = YES;
				CLANG_WARN_BOOL_CONVERSION = YES;
				CLANG_WARN_COMMA = YES;
				CLANG_WARN_CONSTANT_CONVERSION = YES;
				CLANG_WARN_DIRECT_OBJC_ISA_USAGE = YES_ERROR;
				CLANG_WARN_DOCUMENTATION_COMMENTS = YES;
				CLANG_WARN_EMPTY_BODY = YES;
				CLANG_WARN_ENUM_CONVERSION = YES;
				CLANG_WARN_INFINITE_RECURSION = YES;
				CLANG_WARN_INT_CONVERSION = YES;
				CLANG_WARN_NON_LITERAL_NULL_CONVERSION = YES;
				CLANG_WARN_OBJC_LITERAL_CONVERSION = YES;
				CLANG_WARN_OBJC_ROOT_CLASS = YES_ERROR;
				CLANG_WARN_RANGE_LOOP_ANALYSIS = YES;
				CLANG_WARN_STRICT_PROTOTYPES = YES;
				CLANG_WARN_SUSPICIOUS_MOVE = YES;
				CLANG_WARN_UNGUARDED_AVAILABILITY = YES_AGGRESSIVE;
				CLANG_WARN_UNREACHABLE_CODE = YES;
				CLANG_WARN__DUPLICATE_METHOD_MATCH = YES;
				CODE_SIGN_IDENTITY = "iPhone Developer";
				COPY_PHASE_STRIP = NO;
				DEBUG_INFORMATION_FORMAT = dwarf;
				ENABLE_STRICT_OBJC_MSGSEND = YES;
				ENABLE_TESTABILITY = YES;
				GCC_C_LANGUAGE_STANDARD = gnu11;
				GCC_DYNAMIC_NO_PIC = NO;
				GCC_NO_COMMON_BLOCKS = YES;
				GCC_OPTIMIZATION_LEVEL = 0;
				GCC_PREPROCESSOR_DEFINITIONS = (
					"DEBUG=1",
					"$(inherited)",
				);
				GCC_WARN_64_TO_32_BIT_CONVERSION = YES;
				GCC_WARN_ABOUT_RETURN_TYPE = YES_ERROR;
				GCC_WARN_UNDECLARED_SELECTOR = YES;
				GCC_WARN_UNINITIALIZED_AUTOS = YES_AGGRESSIVE;
				GCC_WARN_UNUSED_FUNCTION = YES;
				GCC_WARN_UNUSED_VARIABLE = YES;
				IPHONEOS_DEPLOYMENT_TARGET = 11.2;
				MTL_ENABLE_DEBUG_INFO = YES;
				ONLY_ACTIVE_ARCH = YES;
				SDKROOT = iphoneos;
				SWIFT_ACTIVE_COMPILATION_CONDITIONS = DEBUG;
				SWIFT_OPTIMIZATION_LEVEL = "-Onone";
			};
			name = Debug;
		};
		2D91579323468AB800E9900F /* Release */ = {
			isa = XCBuildConfiguration;
			buildSettings = {
				ALWAYS_SEARCH_USER_PATHS = NO;
				CLANG_ANALYZER_NONNULL = YES;
				CLANG_ANALYZER_NUMBER_OBJECT_CONVERSION = YES_AGGRESSIVE;
				CLANG_CXX_LANGUAGE_STANDARD = "gnu++14";
				CLANG_CXX_LIBRARY = "libc++";
				CLANG_ENABLE_MODULES = YES;
				CLANG_ENABLE_OBJC_ARC = YES;
				CLANG_WARN_BLOCK_CAPTURE_AUTORELEASING = YES;
				CLANG_WARN_BOOL_CONVERSION = YES;
				CLANG_WARN_COMMA = YES;
				CLANG_WARN_CONSTANT_CONVERSION = YES;
				CLANG_WARN_DIRECT_OBJC_ISA_USAGE = YES_ERROR;
				CLANG_WARN_DOCUMENTATION_COMMENTS = YES;
				CLANG_WARN_EMPTY_BODY = YES;
				CLANG_WARN_ENUM_CONVERSION = YES;
				CLANG_WARN_INFINITE_RECURSION = YES;
				CLANG_WARN_INT_CONVERSION = YES;
				CLANG_WARN_NON_LITERAL_NULL_CONVERSION = YES;
				CLANG_WARN_OBJC_LITERAL_CONVERSION = YES;
				CLANG_WARN_OBJC_ROOT_CLASS = YES_ERROR;
				CLANG_WARN_RANGE_LOOP_ANALYSIS = YES;
				CLANG_WARN_STRICT_PROTOTYPES = YES;
				CLANG_WARN_SUSPICIOUS_MOVE = YES;
				CLANG_WARN_UNGUARDED_AVAILABILITY = YES_AGGRESSIVE;
				CLANG_WARN_UNREACHABLE_CODE = YES;
				CLANG_WARN__DUPLICATE_METHOD_MATCH = YES;
				CODE_SIGN_IDENTITY = "iPhone Developer";
				COPY_PHASE_STRIP = NO;
				DEBUG_INFORMATION_FORMAT = "dwarf-with-dsym";
				ENABLE_NS_ASSERTIONS = NO;
				ENABLE_STRICT_OBJC_MSGSEND = YES;
				GCC_C_LANGUAGE_STANDARD = gnu11;
				GCC_NO_COMMON_BLOCKS = YES;
				GCC_WARN_64_TO_32_BIT_CONVERSION = YES;
				GCC_WARN_ABOUT_RETURN_TYPE = YES_ERROR;
				GCC_WARN_UNDECLARED_SELECTOR = YES;
				GCC_WARN_UNINITIALIZED_AUTOS = YES_AGGRESSIVE;
				GCC_WARN_UNUSED_FUNCTION = YES;
				GCC_WARN_UNUSED_VARIABLE = YES;
				IPHONEOS_DEPLOYMENT_TARGET = 11.2;
				MTL_ENABLE_DEBUG_INFO = NO;
				SDKROOT = iphoneos;
				SWIFT_OPTIMIZATION_LEVEL = "-Owholemodule";
				VALIDATE_PRODUCT = YES;
			};
			name = Release;
		};
		2D91579523468AB800E9900F /* Debug */ = {
			isa = XCBuildConfiguration;
			buildSettings = {
				ASSETCATALOG_COMPILER_APPICON_NAME = AppIcon;
				CODE_SIGN_STYLE = Automatic;
				INFOPLIST_FILE = APM/Info.plist;
				LD_RUNPATH_SEARCH_PATHS = "$(inherited) @executable_path/Frameworks";
				PRODUCT_BUNDLE_IDENTIFIER = fr.42.APM;
				PRODUCT_NAME = "$(TARGET_NAME)";
				SWIFT_VERSION = 4.0;
				TARGETED_DEVICE_FAMILY = "1,2";
			};
			name = Debug;
		};
		2D91579623468AB800E9900F /* Release */ = {
			isa = XCBuildConfiguration;
			buildSettings = {
				ASSETCATALOG_COMPILER_APPICON_NAME = AppIcon;
				CODE_SIGN_STYLE = Automatic;
				INFOPLIST_FILE = APM/Info.plist;
				LD_RUNPATH_SEARCH_PATHS = "$(inherited) @executable_path/Frameworks";
				PRODUCT_BUNDLE_IDENTIFIER = fr.42.APM;
				PRODUCT_NAME = "$(TARGET_NAME)";
				SWIFT_VERSION = 4.0;
				TARGETED_DEVICE_FAMILY = "1,2";
			};
			name = Release;
		};
/* End XCBuildConfiguration section */

/* Begin XCConfigurationList section */
		2D91577D23468AB800E9900F /* Build configuration list for PBXProject "APM" */ = {
			isa = XCConfigurationList;
			buildConfigurations = (
				2D91579223468AB800E9900F /* Debug */,
				2D91579323468AB800E9900F /* Release */,
			);
			defaultConfigurationIsVisible = 0;
			defaultConfigurationName = Release;
		};
		2D91579423468AB800E9900F /* Build configuration list for PBXNativeTarget "APM" */ = {
			isa = XCConfigurationList;
			buildConfigurations = (
				2D91579523468AB800E9900F /* Debug */,
				2D91579623468AB800E9900F /* Release */,
			);
			defaultConfigurationIsVisible = 0;
			defaultConfigurationName = Release;
		};
/* End XCConfigurationList section */
	};
	rootObject = 2D91577A23468AB800E9900F /* Project object */;
}
